
Microsoft Visual Studio Solution File, Format Version 12.00
# Visual Studio 15
Project("{FAE04EC0-301F-11D3-BF4B-00C04F79EFBC}") = "Assembly-CSharp", "Assembly-CSharp.csproj", "{AC30D8F4-F7BF-0F10-C905-1972BF6E6350}"
EndProject
Project("{FAE04EC0-301F-11D3-BF4B-00C04F79EFBC}") = "PhotonUnityNetworking.Utilities", "PhotonUnityNetworking.Utilities.csproj", "{73CB1D5D-C726-0EC7-AE0E-2B3E1C6D3B25}"
EndProject
Project("{FAE04EC0-301F-11D3-BF4B-00C04F79EFBC}") = "Mirror", "Mirror.csproj", "{0F9E4796-2CCF-8162-2674-EAB20D3CB59F}"
EndProject
Project("{FAE04EC0-301F-11D3-BF4B-00C04F79EFBC}") = "Assembly-CSharp-firstpass", "Assembly-CSharp-firstpass.csproj", "{1DADC3B6-689C-AB36-D3E8-5BB4C1185AF4}"
EndProject
Project("{FAE04EC0-301F-11D3-BF4B-00C04F79EFBC}") = "PhotonChat", "PhotonChat.csproj", "{68362AF5-F32C-27E6-5ED0-DC76FD595680}"
EndProject
Project("{FAE04EC0-301F-11D3-BF4B-00C04F79EFBC}") = "PhotonUnityNetworking", "PhotonUnityNetworking.csproj", "{2B168AFF-27E4-7488-E84F-7446957CAA73}"
EndProject
Project("{FAE04EC0-301F-11D3-BF4B-00C04F79EFBC}") = "PhotonRealtime", "PhotonRealtime.csproj", "{B6EE5299-8D5A-93BF-77C9-5EAFDB262DE3}"
EndProject
Project("{FAE04EC0-301F-11D3-BF4B-00C04F79EFBC}") = "PhotonWebSocket", "PhotonWebSocket.csproj", "{698BB361-870D-035D-B9E9-567560138954}"
EndProject
Project("{FAE04EC0-301F-11D3-BF4B-00C04F79EFBC}") = "Assembly-CSharp-Editor-firstpass", "Assembly-CSharp-Editor-firstpass.csproj", "{3F0ADB02-DC4E-0C6D-87A3-69C1D9F8B8FE}"
EndProject
Project("{FAE04EC0-301F-11D3-BF4B-00C04F79EFBC}") = "Assembly-CSharp-Editor", "Assembly-CSharp-Editor.csproj", "{B242EFA1-C29B-1E37-1C4C-46B05DEC6673}"
EndProject
Project("{FAE04EC0-301F-11D3-BF4B-00C04F79EFBC}") = "PhotonUnityNetworking.Editor", "PhotonUnityNetworking.Editor.csproj", "{A10558F3-365E-E743-EA54-D9E7FCA11B59}"
EndProject
Project("{FAE04EC0-301F-11D3-BF4B-00C04F79EFBC}") = "PhotonUnityNetworking.Utilities.PhotonPlayer.Editor", "PhotonUnityNetworking.Utilities.PhotonPlayer.Editor.csproj", "{C93BB266-282C-4785-2F9C-47AC41DF2BFA}"
EndProject
Project("{FAE04EC0-301F-11D3-BF4B-00C04F79EFBC}") = "PhotonUnityNetworking.Utilities.Culling.Editor", "PhotonUnityNetworking.Utilities.Culling.Editor.csproj", "{22CC453F-3C79-2580-7B8B-7BFA301DB70E}"
EndProject
Project("{FAE04EC0-301F-11D3-BF4B-00C04F79EFBC}") = "Mirror.Tests", "Mirror.Tests.csproj", "{24C68304-188B-3279-3EDC-C28D39D91583}"
EndProject
Global
	GlobalSection(SolutionConfigurationPlatforms) = preSolution
		Debug|Any CPU = Debug|Any CPU
		Release|Any CPU = Release|Any CPU
	EndGlobalSection
	GlobalSection(ProjectConfigurationPlatforms) = postSolution
		{AC30D8F4-F7BF-0F10-C905-1972BF6E6350}.Debug|Any CPU.ActiveCfg = Debug|Any CPU
		{AC30D8F4-F7BF-0F10-C905-1972BF6E6350}.Debug|Any CPU.Build.0 = Debug|Any CPU
		{AC30D8F4-F7BF-0F10-C905-1972BF6E6350}.Release|Any CPU.ActiveCfg = Release|Any CPU
		{AC30D8F4-F7BF-0F10-C905-1972BF6E6350}.Release|Any CPU.Build.0 = Release|Any CPU
		{73CB1D5D-C726-0EC7-AE0E-2B3E1C6D3B25}.Debug|Any CPU.ActiveCfg = Debug|Any CPU
		{73CB1D5D-C726-0EC7-AE0E-2B3E1C6D3B25}.Debug|Any CPU.Build.0 = Debug|Any CPU
		{73CB1D5D-C726-0EC7-AE0E-2B3E1C6D3B25}.Release|Any CPU.ActiveCfg = Release|Any CPU
		{73CB1D5D-C726-0EC7-AE0E-2B3E1C6D3B25}.Release|Any CPU.Build.0 = Release|Any CPU
		{0F9E4796-2CCF-8162-2674-EAB20D3CB59F}.Debug|Any CPU.ActiveCfg = Debug|Any CPU
		{0F9E4796-2CCF-8162-2674-EAB20D3CB59F}.Debug|Any CPU.Build.0 = Debug|Any CPU
		{0F9E4796-2CCF-8162-2674-EAB20D3CB59F}.Release|Any CPU.ActiveCfg = Release|Any CPU
		{0F9E4796-2CCF-8162-2674-EAB20D3CB59F}.Release|Any CPU.Build.0 = Release|Any CPU
		{1DADC3B6-689C-AB36-D3E8-5BB4C1185AF4}.Debug|Any CPU.ActiveCfg = Debug|Any CPU
		{1DADC3B6-689C-AB36-D3E8-5BB4C1185AF4}.Debug|Any CPU.Build.0 = Debug|Any CPU
		{1DADC3B6-689C-AB36-D3E8-5BB4C1185AF4}.Release|Any CPU.ActiveCfg = Release|Any CPU
		{1DADC3B6-689C-AB36-D3E8-5BB4C1185AF4}.Release|Any CPU.Build.0 = Release|Any CPU
		{68362AF5-F32C-27E6-5ED0-DC76FD595680}.Debug|Any CPU.ActiveCfg = Debug|Any CPU
		{68362AF5-F32C-27E6-5ED0-DC76FD595680}.Debug|Any CPU.Build.0 = Debug|Any CPU
		{68362AF5-F32C-27E6-5ED0-DC76FD595680}.Release|Any CPU.ActiveCfg = Release|Any CPU
		{68362AF5-F32C-27E6-5ED0-DC76FD595680}.Release|Any CPU.Build.0 = Release|Any CPU
		{2B168AFF-27E4-7488-E84F-7446957CAA73}.Debug|Any CPU.ActiveCfg = Debug|Any CPU
		{2B168AFF-27E4-7488-E84F-7446957CAA73}.Debug|Any CPU.Build.0 = Debug|Any CPU
		{2B168AFF-27E4-7488-E84F-7446957CAA73}.Release|Any CPU.ActiveCfg = Release|Any CPU
		{2B168AFF-27E4-7488-E84F-7446957CAA73}.Release|Any CPU.Build.0 = Release|Any CPU
		{B6EE5299-8D5A-93BF-77C9-5EAFDB262DE3}.Debug|Any CPU.ActiveCfg = Debug|Any CPU
		{B6EE5299-8D5A-93BF-77C9-5EAFDB262DE3}.Debug|Any CPU.Build.0 = Debug|Any CPU
		{B6EE5299-8D5A-93BF-77C9-5EAFDB262DE3}.Release|Any CPU.ActiveCfg = Release|Any CPU
		{B6EE5299-8D5A-93BF-77C9-5EAFDB262DE3}.Release|Any CPU.Build.0 = Release|Any CPU
		{698BB361-870D-035D-B9E9-567560138954}.Debug|Any CPU.ActiveCfg = Debug|Any CPU
		{698BB361-870D-035D-B9E9-567560138954}.Debug|Any CPU.Build.0 = Debug|Any CPU
		{698BB361-870D-035D-B9E9-567560138954}.Release|Any CPU.ActiveCfg = Release|Any CPU
		{698BB361-870D-035D-B9E9-567560138954}.Release|Any CPU.Build.0 = Release|Any CPU
		{3F0ADB02-DC4E-0C6D-87A3-69C1D9F8B8FE}.Debug|Any CPU.ActiveCfg = Debug|Any CPU
		{3F0ADB02-DC4E-0C6D-87A3-69C1D9F8B8FE}.Debug|Any CPU.Build.0 = Debug|Any CPU
		{3F0ADB02-DC4E-0C6D-87A3-69C1D9F8B8FE}.Release|Any CPU.ActiveCfg = Release|Any CPU
		{3F0ADB02-DC4E-0C6D-87A3-69C1D9F8B8FE}.Release|Any CPU.Build.0 = Release|Any CPU
		{B242EFA1-C29B-1E37-1C4C-46B05DEC6673}.Debug|Any CPU.ActiveCfg = Debug|Any CPU
		{B242EFA1-C29B-1E37-1C4C-46B05DEC6673}.Debug|Any CPU.Build.0 = Debug|Any CPU
		{B242EFA1-C29B-1E37-1C4C-46B05DEC6673}.Release|Any CPU.ActiveCfg = Release|Any CPU
		{B242EFA1-C29B-1E37-1C4C-46B05DEC6673}.Release|Any CPU.Build.0 = Release|Any CPU
		{A10558F3-365E-E743-EA54-D9E7FCA11B59}.Debug|Any CPU.ActiveCfg = Debug|Any CPU
		{A10558F3-365E-E743-EA54-D9E7FCA11B59}.Debug|Any CPU.Build.0 = Debug|Any CPU
		{A10558F3-365E-E743-EA54-D9E7FCA11B59}.Release|Any CPU.ActiveCfg = Release|Any CPU
		{A10558F3-365E-E743-EA54-D9E7FCA11B59}.Release|Any CPU.Build.0 = Release|Any CPU
		{C93BB266-282C-4785-2F9C-47AC41DF2BFA}.Debug|Any CPU.ActiveCfg = Debug|Any CPU
		{C93BB266-282C-4785-2F9C-47AC41DF2BFA}.Debug|Any CPU.Build.0 = Debug|Any CPU
		{C93BB266-282C-4785-2F9C-47AC41DF2BFA}.Release|Any CPU.ActiveCfg = Release|Any CPU
		{C93BB266-282C-4785-2F9C-47AC41DF2BFA}.Release|Any CPU.Build.0 = Release|Any CPU
		{22CC453F-3C79-2580-7B8B-7BFA301DB70E}.Debug|Any CPU.ActiveCfg = Debug|Any CPU
		{22CC453F-3C79-2580-7B8B-7BFA301DB70E}.Debug|Any CPU.Build.0 = Debug|Any CPU
		{22CC453F-3C79-2580-7B8B-7BFA301DB70E}.Release|Any CPU.ActiveCfg = Release|Any CPU
		{22CC453F-3C79-2580-7B8B-7BFA301DB70E}.Release|Any CPU.Build.0 = Release|Any CPU
		{24C68304-188B-3279-3EDC-C28D39D91583}.Debug|Any CPU.ActiveCfg = Debug|Any CPU
		{24C68304-188B-3279-3EDC-C28D39D91583}.Debug|Any CPU.Build.0 = Debug|Any CPU
		{24C68304-188B-3279-3EDC-C28D39D91583}.Release|Any CPU.ActiveCfg = Release|Any CPU
		{24C68304-188B-3279-3EDC-C28D39D91583}.Release|Any CPU.Build.0 = Release|Any CPU
	EndGlobalSection
	GlobalSection(SolutionProperties) = preSolution
		HideSolutionNode = FALSE
	EndGlobalSection
EndGlobal
