
Microsoft Visual Studio Solution File, Format Version 12.00
# Visual Studio 15
Project("{FAE04EC0-301F-11D3-BF4B-00C04F79EFBC}") = "Assembly-CSharp", "Assembly-CSharp.csproj", "{A4A3B6EF-B826-0330-CBE5-57C3A50C938F}"
EndProject
Project("{FAE04EC0-301F-11D3-BF4B-00C04F79EFBC}") = "PhotonUnityNetworking.Utilities", "PhotonUnityNetworking.Utilities.csproj", "{6D0B372F-427D-7082-C648-42BD66927C53}"
EndProject
Project("{FAE04EC0-301F-11D3-BF4B-00C04F79EFBC}") = "Mirror", "Mirror.csproj", "{2BB98792-3366-0E93-EA99-96A0C0092FD2}"
EndProject
Project("{FAE04EC0-301F-11D3-BF4B-00C04F79EFBC}") = "Assembly-CSharp-firstpass", "Assembly-CSharp-firstpass.csproj", "{7319878A-A200-5FB4-DDE7-FD336FFC50C6}"
EndProject
Project("{FAE04EC0-301F-11D3-BF4B-00C04F79EFBC}") = "PhotonChat", "PhotonChat.csproj", "{06863761-0064-1569-8E62-A6865261655C}"
EndProject
Project("{FAE04EC0-301F-11D3-BF4B-00C04F79EFBC}") = "PhotonUnityNetworking", "PhotonUnityNetworking.csproj", "{E105F468-7937-A49C-FD03-051409ED0E40}"
EndProject
Project("{FAE04EC0-301F-11D3-BF4B-00C04F79EFBC}") = "PhotonRealtime", "PhotonRealtime.csproj", "{DB5ECFD1-E70C-7400-C6FE-D57E43D1A56E}"
EndProject
Project("{FAE04EC0-301F-11D3-BF4B-00C04F79EFBC}") = "PhotonWebSocket", "PhotonWebSocket.csproj", "{89FB4795-1350-A980-A1B2-6E92114892D1}"
EndProject
Project("{FAE04EC0-301F-11D3-BF4B-00C04F79EFBC}") = "Assembly-CSharp-Editor-firstpass", "Assembly-CSharp-Editor-firstpass.csproj", "{AD1D08FE-15B9-FB8C-F254-C3AB2C76AD30}"
EndProject
Project("{FAE04EC0-301F-11D3-BF4B-00C04F79EFBC}") = "Assembly-CSharp-Editor", "Assembly-CSharp-Editor.csproj", "{75C4578C-B64D-7B17-1C32-A6DD2A6FB619}"
EndProject
Project("{FAE04EC0-301F-11D3-BF4B-00C04F79EFBC}") = "PhotonUnityNetworking.Editor", "PhotonUnityNetworking.Editor.csproj", "{152A3221-674A-6B9D-3535-1A2F7499B6E1}"
EndProject
Project("{FAE04EC0-301F-11D3-BF4B-00C04F79EFBC}") = "PhotonUnityNetworking.Utilities.PhotonPlayer.Editor", "PhotonUnityNetworking.Utilities.PhotonPlayer.Editor.csproj", "{972C7317-E9E5-910F-0785-42D351667F5F}"
EndProject
Project("{FAE04EC0-301F-11D3-BF4B-00C04F79EFBC}") = "PhotonUnityNetworking.Utilities.Culling.Editor", "PhotonUnityNetworking.Utilities.Culling.Editor.csproj", "{DD723753-34B0-8BB0-6762-43BFA020D639}"
EndProject
Project("{FAE04EC0-301F-11D3-BF4B-00C04F79EFBC}") = "Mirror.Tests", "Mirror.Tests.csproj", "{52C553F4-0FC3-E380-008A-9DBEEE3D8F28}"
EndProject
Global
	GlobalSection(SolutionConfigurationPlatforms) = preSolution
		Debug|Any CPU = Debug|Any CPU
		Release|Any CPU = Release|Any CPU
	EndGlobalSection
	GlobalSection(ProjectConfigurationPlatforms) = postSolution
		{A4A3B6EF-B826-0330-CBE5-57C3A50C938F}.Debug|Any CPU.ActiveCfg = Debug|Any CPU
		{A4A3B6EF-B826-0330-CBE5-57C3A50C938F}.Debug|Any CPU.Build.0 = Debug|Any CPU
		{A4A3B6EF-B826-0330-CBE5-57C3A50C938F}.Release|Any CPU.ActiveCfg = Release|Any CPU
		{A4A3B6EF-B826-0330-CBE5-57C3A50C938F}.Release|Any CPU.Build.0 = Release|Any CPU
		{6D0B372F-427D-7082-C648-42BD66927C53}.Debug|Any CPU.ActiveCfg = Debug|Any CPU
		{6D0B372F-427D-7082-C648-42BD66927C53}.Debug|Any CPU.Build.0 = Debug|Any CPU
		{6D0B372F-427D-7082-C648-42BD66927C53}.Release|Any CPU.ActiveCfg = Release|Any CPU
		{6D0B372F-427D-7082-C648-42BD66927C53}.Release|Any CPU.Build.0 = Release|Any CPU
		{2BB98792-3366-0E93-EA99-96A0C0092FD2}.Debug|Any CPU.ActiveCfg = Debug|Any CPU
		{2BB98792-3366-0E93-EA99-96A0C0092FD2}.Debug|Any CPU.Build.0 = Debug|Any CPU
		{2BB98792-3366-0E93-EA99-96A0C0092FD2}.Release|Any CPU.ActiveCfg = Release|Any CPU
		{2BB98792-3366-0E93-EA99-96A0C0092FD2}.Release|Any CPU.Build.0 = Release|Any CPU
		{7319878A-A200-5FB4-DDE7-FD336FFC50C6}.Debug|Any CPU.ActiveCfg = Debug|Any CPU
		{7319878A-A200-5FB4-DDE7-FD336FFC50C6}.Debug|Any CPU.Build.0 = Debug|Any CPU
		{7319878A-A200-5FB4-DDE7-FD336FFC50C6}.Release|Any CPU.ActiveCfg = Release|Any CPU
		{7319878A-A200-5FB4-DDE7-FD336FFC50C6}.Release|Any CPU.Build.0 = Release|Any CPU
		{06863761-0064-1569-8E62-A6865261655C}.Debug|Any CPU.ActiveCfg = Debug|Any CPU
		{06863761-0064-1569-8E62-A6865261655C}.Debug|Any CPU.Build.0 = Debug|Any CPU
		{06863761-0064-1569-8E62-A6865261655C}.Release|Any CPU.ActiveCfg = Release|Any CPU
		{06863761-0064-1569-8E62-A6865261655C}.Release|Any CPU.Build.0 = Release|Any CPU
		{E105F468-7937-A49C-FD03-051409ED0E40}.Debug|Any CPU.ActiveCfg = Debug|Any CPU
		{E105F468-7937-A49C-FD03-051409ED0E40}.Debug|Any CPU.Build.0 = Debug|Any CPU
		{E105F468-7937-A49C-FD03-051409ED0E40}.Release|Any CPU.ActiveCfg = Release|Any CPU
		{E105F468-7937-A49C-FD03-051409ED0E40}.Release|Any CPU.Build.0 = Release|Any CPU
		{DB5ECFD1-E70C-7400-C6FE-D57E43D1A56E}.Debug|Any CPU.ActiveCfg = Debug|Any CPU
		{DB5ECFD1-E70C-7400-C6FE-D57E43D1A56E}.Debug|Any CPU.Build.0 = Debug|Any CPU
		{DB5ECFD1-E70C-7400-C6FE-D57E43D1A56E}.Release|Any CPU.ActiveCfg = Release|Any CPU
		{DB5ECFD1-E70C-7400-C6FE-D57E43D1A56E}.Release|Any CPU.Build.0 = Release|Any CPU
		{89FB4795-1350-A980-A1B2-6E92114892D1}.Debug|Any CPU.ActiveCfg = Debug|Any CPU
		{89FB4795-1350-A980-A1B2-6E92114892D1}.Debug|Any CPU.Build.0 = Debug|Any CPU
		{89FB4795-1350-A980-A1B2-6E92114892D1}.Release|Any CPU.ActiveCfg = Release|Any CPU
		{89FB4795-1350-A980-A1B2-6E92114892D1}.Release|Any CPU.Build.0 = Release|Any CPU
		{AD1D08FE-15B9-FB8C-F254-C3AB2C76AD30}.Debug|Any CPU.ActiveCfg = Debug|Any CPU
		{AD1D08FE-15B9-FB8C-F254-C3AB2C76AD30}.Debug|Any CPU.Build.0 = Debug|Any CPU
		{AD1D08FE-15B9-FB8C-F254-C3AB2C76AD30}.Release|Any CPU.ActiveCfg = Release|Any CPU
		{AD1D08FE-15B9-FB8C-F254-C3AB2C76AD30}.Release|Any CPU.Build.0 = Release|Any CPU
		{75C4578C-B64D-7B17-1C32-A6DD2A6FB619}.Debug|Any CPU.ActiveCfg = Debug|Any CPU
		{75C4578C-B64D-7B17-1C32-A6DD2A6FB619}.Debug|Any CPU.Build.0 = Debug|Any CPU
		{75C4578C-B64D-7B17-1C32-A6DD2A6FB619}.Release|Any CPU.ActiveCfg = Release|Any CPU
		{75C4578C-B64D-7B17-1C32-A6DD2A6FB619}.Release|Any CPU.Build.0 = Release|Any CPU
		{152A3221-674A-6B9D-3535-1A2F7499B6E1}.Debug|Any CPU.ActiveCfg = Debug|Any CPU
		{152A3221-674A-6B9D-3535-1A2F7499B6E1}.Debug|Any CPU.Build.0 = Debug|Any CPU
		{152A3221-674A-6B9D-3535-1A2F7499B6E1}.Release|Any CPU.ActiveCfg = Release|Any CPU
		{152A3221-674A-6B9D-3535-1A2F7499B6E1}.Release|Any CPU.Build.0 = Release|Any CPU
		{972C7317-E9E5-910F-0785-42D351667F5F}.Debug|Any CPU.ActiveCfg = Debug|Any CPU
		{972C7317-E9E5-910F-0785-42D351667F5F}.Debug|Any CPU.Build.0 = Debug|Any CPU
		{972C7317-E9E5-910F-0785-42D351667F5F}.Release|Any CPU.ActiveCfg = Release|Any CPU
		{972C7317-E9E5-910F-0785-42D351667F5F}.Release|Any CPU.Build.0 = Release|Any CPU
		{DD723753-34B0-8BB0-6762-43BFA020D639}.Debug|Any CPU.ActiveCfg = Debug|Any CPU
		{DD723753-34B0-8BB0-6762-43BFA020D639}.Debug|Any CPU.Build.0 = Debug|Any CPU
		{DD723753-34B0-8BB0-6762-43BFA020D639}.Release|Any CPU.ActiveCfg = Release|Any CPU
		{DD723753-34B0-8BB0-6762-43BFA020D639}.Release|Any CPU.Build.0 = Release|Any CPU
		{52C553F4-0FC3-E380-008A-9DBEEE3D8F28}.Debug|Any CPU.ActiveCfg = Debug|Any CPU
		{52C553F4-0FC3-E380-008A-9DBEEE3D8F28}.Debug|Any CPU.Build.0 = Debug|Any CPU
		{52C553F4-0FC3-E380-008A-9DBEEE3D8F28}.Release|Any CPU.ActiveCfg = Release|Any CPU
		{52C553F4-0FC3-E380-008A-9DBEEE3D8F28}.Release|Any CPU.Build.0 = Release|Any CPU
	EndGlobalSection
	GlobalSection(SolutionProperties) = preSolution
		HideSolutionNode = FALSE
	EndGlobalSection
EndGlobal
